{
  "version": 4,
  "terraform_version": "1.5.7",
  "serial": 12,
  "lineage": "625d063b-67a8-a19e-84e3-96c4d65615dc",
  "outputs": {},
  "resources": [
    {
      "module": "module.efs",
      "mode": "managed",
      "type": "aws_efs_access_point",
      "name": "access_point",
      "provider": "provider[\"registry.terraform.io/hashicorp/aws\"]",
      "instances": [
        {
          "schema_version": 0,
          "attributes": {
            "arn": "arn:aws:elasticfilesystem:us-east-1:779846824571:access-point/fsap-0a182c1354092ea51",
            "file_system_arn": "arn:aws:elasticfilesystem:us-east-1:779846824571:file-system/fs-0c1b18788db534f7a",
            "file_system_id": "fs-0c1b18788db534f7a",
            "id": "fsap-0a182c1354092ea51",
            "owner_id": "779846824571",
            "posix_user": [],
            "root_directory": [
              {
                "creation_info": [],
                "path": "/"
              }
            ],
            "tags": {},
            "tags_all": {}
          },
          "sensitive_attributes": [],
          "private": "bnVsbA==",
          "dependencies": [
            "module.efs.aws_efs_file_system.file_system"
          ]
        }
      ]
    },
    {
      "module": "module.efs",
      "mode": "managed",
      "type": "aws_efs_backup_policy",
      "name": "policy",
      "provider": "provider[\"registry.terraform.io/hashicorp/aws\"]",
      "instances": [
        {
          "schema_version": 0,
          "attributes": {
            "backup_policy": [
              {
                "status": "ENABLED"
              }
            ],
            "file_system_id": "fs-0c1b18788db534f7a",
            "id": "fs-0c1b18788db534f7a"
          },
          "sensitive_attributes": [],
          "private": "bnVsbA==",
          "dependencies": [
            "module.efs.aws_efs_file_system.file_system"
          ]
        }
      ]
    },
    {
      "module": "module.efs",
      "mode": "managed",
      "type": "aws_efs_file_system",
      "name": "file_system",
      "provider": "provider[\"registry.terraform.io/hashicorp/aws\"]",
      "instances": [
        {
          "schema_version": 0,
          "attributes": {
            "arn": "arn:aws:elasticfilesystem:us-east-1:779846824571:file-system/fs-0c1b18788db534f7a",
            "availability_zone_id": "",
            "availability_zone_name": "",
            "creation_token": "terraform-20240911110047332800000001",
            "dns_name": "fs-0c1b18788db534f7a.efs.us-east-1.amazonaws.com",
            "encrypted": false,
            "id": "fs-0c1b18788db534f7a",
            "kms_key_id": "",
            "lifecycle_policy": [],
            "name": "",
            "number_of_mount_targets": 0,
            "owner_id": "779846824571",
            "performance_mode": "generalPurpose",
            "protection": [
              {
                "replication_overwrite": "ENABLED"
              }
            ],
            "provisioned_throughput_in_mibps": 0,
            "size_in_bytes": [
              {
                "value": 6144,
                "value_in_ia": 0,
                "value_in_standard": 6144
              }
            ],
            "tags": {
              "businessUnit": "WPB",
              "dataclassification": "Internal",
              "environment": "Developmenet"
            },
            "tags_all": {
              "businessUnit": "WPB",
              "dataclassification": "Internal",
              "environment": "Developmenet"
            },
            "throughput_mode": "bursting"
          },
          "sensitive_attributes": [],
          "private": "bnVsbA=="
        }
      ]
    },
    {
      "module": "module.rds",
      "mode": "managed",
      "type": "aws_db_instance",
      "name": "default",
      "provider": "provider[\"registry.terraform.io/hashicorp/aws\"]",
      "instances": []
    },
    {
      "module": "module.rds",
      "mode": "managed",
      "type": "aws_db_parameter_group",
      "name": "postgrespg",
      "provider": "provider[\"registry.terraform.io/hashicorp/aws\"]",
      "instances": [
        {
          "status": "tainted",
          "schema_version": 0,
          "attributes": {
            "arn": "arn:aws:rds:us-east-1:779846824571:pg:postgres16",
            "description": "Managed by Terraform",
            "family": "postgres16",
            "id": "postgres16",
            "name": "postgres16",
            "name_prefix": null,
            "parameter": [
              {
                "apply_method": "immediate",
                "name": "character_set_client",
                "value": "utf8"
              },
              {
                "apply_method": "immediate",
                "name": "character_set_server",
                "value": "utf8"
              }
            ],
            "skip_destroy": false,
            "tags": {
              "businessUnit": "WPB",
              "dataclassification": "Internal",
              "environment": "Developmenet"
            },
            "tags_all": {
              "businessUnit": "WPB",
              "dataclassification": "Internal",
              "environment": "Developmenet"
            }
          },
          "sensitive_attributes": [],
          "private": "bnVsbA==",
          "create_before_destroy": true
        },
        {
          "status": "tainted",
          "deposed": "7763ff4f",
          "schema_version": 0,
          "attributes": {
            "arn": "arn:aws:rds:us-east-1:779846824571:pg:postgres13",
            "description": "Managed by Terraform",
            "family": "postgres13",
            "id": "postgres13",
            "name": "postgres13",
            "name_prefix": null,
            "parameter": [],
            "skip_destroy": false,
            "tags": {
              "businessUnit": "WPB",
              "dataclassification": "Internal",
              "environment": "Developmenet"
            },
            "tags_all": {
              "businessUnit": "WPB",
              "dataclassification": "Internal",
              "environment": "Developmenet"
            }
          },
          "sensitive_attributes": [],
          "private": "bnVsbA==",
          "create_before_destroy": true
        }
      ]
    },
    {
      "module": "module.rds",
      "mode": "managed",
      "type": "random_password",
      "name": "dbpw",
      "provider": "provider[\"registry.terraform.io/hashicorp/random\"]",
      "instances": [
        {
          "schema_version": 3,
          "attributes": {
            "bcrypt_hash": "$2a$10$6.8HH2wF2OXRS4QCwLT3eeQkeSwK19vhMdwBTiFRGZbRZTEbVzvIW",
            "id": "none",
            "keepers": null,
            "length": 16,
            "lower": true,
            "min_lower": 0,
            "min_numeric": 0,
            "min_special": 0,
            "min_upper": 0,
            "number": true,
            "numeric": true,
            "override_special": "!#$%\u0026*()-_=+[]{}\u003c\u003e:?",
            "result": "HScKSF[x9YoE*KwV",
            "special": true,
            "upper": true
          },
          "sensitive_attributes": []
        }
      ]
    }
  ],
  "check_results": null
}
